github.com/gen2brain/malgo v0.11.23 h1:3/VAI8DP9/Wyx1CUDNlUQJVdWUvGErhjHDqYcHVk9ME=
github.com/gen2brain/malgo v0.11.23/go.mod h1:f9TtuN7DVrXMiV/yIceMeWpvanyVzJQMlBecJFVMxww=
github.com/golang/protobuf v1.3.1 h1:YF8+flBXS5eO826T4nzqPrxfhQThhXl0YzfuUPu4SBg=
github.com/golang/protobuf v1.3.1/go.mod h1:6lQm79b+lXiMfvg/cZm0SGofjICqVBUtrP5yJMmIC1U=
github.com/iu0jgo/gopus v0.0.0-20240903223416-47267cfc2038 h1:3MZ5HUkCkVcrm/ge/bM8aPYg9D0uYRNQIzHbB5bcaKY=
github.com/iu0jgo/gopus v0.0.0-20240903223416-47267cfc2038/go.mod h1:UaZ5yJi4lj13BjMR38pTp9Id8lDrUhNcb4MGiVUyPNc=
github.com/iu0jgo/gumble v0.0.0-20250110140019-f54eb9464082 h1:HVxBxGoFt9uCXxaINOxHzMRquLOojuwkRe83f54qHLM=
github.com/iu0jgo/gumble v0.0.0-20250110140019-f54eb9464082/go.mod h1:Qm8qFv/ePMaFECRK+sdDflHt90VQVzVP/1qtHaZ5188=
github.com/kennygrant/sanitize v1.2.4 h1:gN25/otpP5vAsO2djbMhF/LQX6R7+O1TB4yv8NzpJ3o=
github.com/kennygrant/sanitize v1.2.4/go.mod h1:LGsjYYtgxbetdg5owWB2mpgUL6e2nfw2eObZ0u0qvak=
golang.org/x/net v0.28.0 h1:a9JDOJc5GMUJ0+UDqmLT86WiEy7iWyIhz8gz8E4e5hE=
golang.org/x/net v0.28.0/go.mod h1:yqtgsTWOOnlGLG9GFRrK3++bGOUEkNBoHZc8MEDWPNg=
